// !$*UTF8*$!
{
	archiveVersion = 1;
	classes = {
	};
	objectVersion = 50;
	objects = {

/* Begin PBXBuildFile section */
		3E2A1F4121AA78880026565F /* Stack.swift in Sources */ = {isa = PBXBuildFile; fileRef = 3E2A1F4021AA78880026565F /* Stack.swift */; };
		3E2A1F4321AA7B6B0026565F /* StackTests.swift in Sources */ = {isa = PBXBuildFile; fileRef = 3E2A1F4221AA7B6B0026565F /* StackTests.swift */; };
		3E2A1F4421AB3C3A0026565F /* HeapTests.swift in Sources */ = {isa = PBXBuildFile; fileRef = 3E48EE4E21A4A860001A50A9 /* HeapTests.swift */; };
		3E2A1F4521AB3C3D0026565F /* Heap.swift in Sources */ = {isa = PBXBuildFile; fileRef = 3E2A1F3E21AA33640026565F /* Heap.swift */; };
		3E2A1F4721ACD3DC0026565F /* LongestCommonSubstringTests.swift in Sources */ = {isa = PBXBuildFile; fileRef = 3E2A1F4621ACD3DC0026565F /* LongestCommonSubstringTests.swift */; };
		3E2E5D3021ACF2030070AAF0 /* Algorithms.swift in Sources */ = {isa = PBXBuildFile; fileRef = 3E2A1F4B21ACD5320026565F /* Algorithms.swift */; };
		3E2E5D3121ACF2070070AAF0 /* LongestCommonSubstring.swift in Sources */ = {isa = PBXBuildFile; fileRef = 3E2A1F4921ACD4900026565F /* LongestCommonSubstring.swift */; };
		3E2E5D3621AD360F0070AAF0 /* primeNumbers.swift in Sources */ = {isa = PBXBuildFile; fileRef = 3E2E5D3521AD360F0070AAF0 /* primeNumbers.swift */; };
		3E2E5D3821AD39130070AAF0 /* primeNumbersTest.swift in Sources */ = {isa = PBXBuildFile; fileRef = 3E2E5D3721AD39130070AAF0 /* primeNumbersTest.swift */; };
		3E48EE3A21A4A85D001A50A9 /* AppDelegate.swift in Sources */ = {isa = PBXBuildFile; fileRef = 3E48EE3921A4A85D001A50A9 /* AppDelegate.swift */; };
		3E48EE3C21A4A85D001A50A9 /* ViewController.swift in Sources */ = {isa = PBXBuildFile; fileRef = 3E48EE3B21A4A85D001A50A9 /* ViewController.swift */; };
		3E48EE3F21A4A85D001A50A9 /* Main.storyboard in Resources */ = {isa = PBXBuildFile; fileRef = 3E48EE3D21A4A85D001A50A9 /* Main.storyboard */; };
		3E48EE4121A4A85F001A50A9 /* Assets.xcassets in Resources */ = {isa = PBXBuildFile; fileRef = 3E48EE4021A4A85F001A50A9 /* Assets.xcassets */; };
		3E48EE4421A4A85F001A50A9 /* LaunchScreen.storyboard in Resources */ = {isa = PBXBuildFile; fileRef = 3E48EE4221A4A85F001A50A9 /* LaunchScreen.storyboard */; };
		3EBA915C21ACF0E0002537E0 /* TextDiff.swift in Sources */ = {isa = PBXBuildFile; fileRef = 3EBA915B21ACF0E0002537E0 /* TextDiff.swift */; };
/* End PBXBuildFile section */

/* Begin PBXContainerItemProxy section */
		3E48EE4B21A4A860001A50A9 /* PBXContainerItemProxy */ = {
			isa = PBXContainerItemProxy;
			containerPortal = 3E48EE2E21A4A85D001A50A9 /* Project object */;
			proxyType = 1;
			remoteGlobalIDString = 3E48EE3521A4A85D001A50A9;
			remoteInfo = Playaround;
		};
/* End PBXContainerItemProxy section */

/* Begin PBXFileReference section */
		3E2A1F3E21AA33640026565F /* Heap.swift */ = {isa = PBXFileReference; fileEncoding = 4; lastKnownFileType = sourcecode.swift; path = Heap.swift; sourceTree = "<group>"; };
		3E2A1F4021AA78880026565F /* Stack.swift */ = {isa = PBXFileReference; lastKnownFileType = sourcecode.swift; path = Stack.swift; sourceTree = "<group>"; };
		3E2A1F4221AA7B6B0026565F /* StackTests.swift */ = {isa = PBXFileReference; fileEncoding = 4; lastKnownFileType = sourcecode.swift; path = StackTests.swift; sourceTree = "<group>"; };
		3E2A1F4621ACD3DC0026565F /* LongestCommonSubstringTests.swift */ = {isa = PBXFileReference; lastKnownFileType = sourcecode.swift; path = LongestCommonSubstringTests.swift; sourceTree = "<group>"; };
		3E2A1F4921ACD4900026565F /* LongestCommonSubstring.swift */ = {isa = PBXFileReference; lastKnownFileType = sourcecode.swift; path = LongestCommonSubstring.swift; sourceTree = "<group>"; };
		3E2A1F4B21ACD5320026565F /* Algorithms.swift */ = {isa = PBXFileReference; lastKnownFileType = sourcecode.swift; path = Algorithms.swift; sourceTree = "<group>"; };
		3E2E5D3521AD360F0070AAF0 /* primeNumbers.swift */ = {isa = PBXFileReference; lastKnownFileType = sourcecode.swift; path = primeNumbers.swift; sourceTree = "<group>"; };
		3E2E5D3721AD39130070AAF0 /* primeNumbersTest.swift */ = {isa = PBXFileReference; lastKnownFileType = sourcecode.swift; path = primeNumbersTest.swift; sourceTree = "<group>"; };
		3E48EE3621A4A85D001A50A9 /* Playaround.app */ = {isa = PBXFileReference; explicitFileType = wrapper.application; includeInIndex = 0; path = Playaround.app; sourceTree = BUILT_PRODUCTS_DIR; };
		3E48EE3921A4A85D001A50A9 /* AppDelegate.swift */ = {isa = PBXFileReference; lastKnownFileType = sourcecode.swift; path = AppDelegate.swift; sourceTree = "<group>"; };
		3E48EE3B21A4A85D001A50A9 /* ViewController.swift */ = {isa = PBXFileReference; lastKnownFileType = sourcecode.swift; path = ViewController.swift; sourceTree = "<group>"; };
		3E48EE3E21A4A85D001A50A9 /* Base */ = {isa = PBXFileReference; lastKnownFileType = file.storyboard; name = Base; path = Base.lproj/Main.storyboard; sourceTree = "<group>"; };
		3E48EE4021A4A85F001A50A9 /* Assets.xcassets */ = {isa = PBXFileReference; lastKnownFileType = folder.assetcatalog; path = Assets.xcassets; sourceTree = "<group>"; };
		3E48EE4321A4A85F001A50A9 /* Base */ = {isa = PBXFileReference; lastKnownFileType = file.storyboard; name = Base; path = Base.lproj/LaunchScreen.storyboard; sourceTree = "<group>"; };
		3E48EE4521A4A85F001A50A9 /* Info.plist */ = {isa = PBXFileReference; lastKnownFileType = text.plist.xml; path = Info.plist; sourceTree = "<group>"; };
		3E48EE4A21A4A860001A50A9 /* PlayaroundTests.xctest */ = {isa = PBXFileReference; explicitFileType = wrapper.cfbundle; includeInIndex = 0; path = PlayaroundTests.xctest; sourceTree = BUILT_PRODUCTS_DIR; };
		3E48EE4E21A4A860001A50A9 /* HeapTests.swift */ = {isa = PBXFileReference; lastKnownFileType = sourcecode.swift; path = HeapTests.swift; sourceTree = "<group>"; };
		3E48EE5021A4A860001A50A9 /* Info.plist */ = {isa = PBXFileReference; lastKnownFileType = text.plist.xml; path = Info.plist; sourceTree = "<group>"; };
		3EBA915B21ACF0E0002537E0 /* TextDiff.swift */ = {isa = PBXFileReference; lastKnownFileType = sourcecode.swift; path = TextDiff.swift; sourceTree = "<group>"; };
/* End PBXFileReference section */

/* Begin PBXFrameworksBuildPhase section */
		3E48EE3321A4A85D001A50A9 /* Frameworks */ = {
			isa = PBXFrameworksBuildPhase;
			buildActionMask = 2147483647;
			files = (
			);
			runOnlyForDeploymentPostprocessing = 0;
		};
		3E48EE4721A4A860001A50A9 /* Frameworks */ = {
			isa = PBXFrameworksBuildPhase;
			buildActionMask = 2147483647;
			files = (
			);
			runOnlyForDeploymentPostprocessing = 0;
		};
/* End PBXFrameworksBuildPhase section */

/* Begin PBXGroup section */
		3E2A1F3D21AA32E20026565F /* AbstractDataTypes */ = {
			isa = PBXGroup;
			children = (
				3E2A1F3E21AA33640026565F /* Heap.swift */,
				3E2A1F4021AA78880026565F /* Stack.swift */,
			);
			path = AbstractDataTypes;
			sourceTree = "<group>";
		};
		3E2A1F4821ACD4740026565F /* Algorithms */ = {
			isa = PBXGroup;
			children = (
				3E2A1F4B21ACD5320026565F /* Algorithms.swift */,
				3E2A1F4921ACD4900026565F /* LongestCommonSubstring.swift */,
				3EBA915B21ACF0E0002537E0 /* TextDiff.swift */,
				3E2E5D3521AD360F0070AAF0 /* primeNumbers.swift */,
			);
			path = Algorithms;
			sourceTree = "<group>";
		};
		3E48EE2D21A4A85D001A50A9 = {
			isa = PBXGroup;
			children = (
				3E48EE3821A4A85D001A50A9 /* Playaround */,
				3E2A1F3D21AA32E20026565F /* AbstractDataTypes */,
				3E2A1F4821ACD4740026565F /* Algorithms */,
				3EBA915821ACDBF5002537E0 /* Extensions */,
				3E48EE4D21A4A860001A50A9 /* PlayaroundTests */,
				3E48EE3721A4A85D001A50A9 /* Products */,
			);
			sourceTree = "<group>";
		};
		3E48EE3721A4A85D001A50A9 /* Products */ = {
			isa = PBXGroup;
			children = (
				3E48EE3621A4A85D001A50A9 /* Playaround.app */,
				3E48EE4A21A4A860001A50A9 /* PlayaroundTests.xctest */,
			);
			name = Products;
			sourceTree = "<group>";
		};
		3E48EE3821A4A85D001A50A9 /* Playaround */ = {
			isa = PBXGroup;
			children = (
				3E48EE3921A4A85D001A50A9 /* AppDelegate.swift */,
				3E48EE3B21A4A85D001A50A9 /* ViewController.swift */,
				3E48EE3D21A4A85D001A50A9 /* Main.storyboard */,
				3E48EE4021A4A85F001A50A9 /* Assets.xcassets */,
				3E48EE4221A4A85F001A50A9 /* LaunchScreen.storyboard */,
				3E48EE4521A4A85F001A50A9 /* Info.plist */,
			);
			path = Playaround;
			sourceTree = "<group>";
		};
		3E48EE4D21A4A860001A50A9 /* PlayaroundTests */ = {
			isa = PBXGroup;
			children = (
				3E48EE4E21A4A860001A50A9 /* HeapTests.swift */,
				3E2A1F4221AA7B6B0026565F /* StackTests.swift */,
				3E48EE5021A4A860001A50A9 /* Info.plist */,
				3E2A1F4621ACD3DC0026565F /* LongestCommonSubstringTests.swift */,
				3E2E5D3721AD39130070AAF0 /* primeNumbersTest.swift */,
			);
			path = PlayaroundTests;
			sourceTree = "<group>";
		};
		3EBA915821ACDBF5002537E0 /* Extensions */ = {
			isa = PBXGroup;
			children = (
			);
			path = Extensions;
			sourceTree = "<group>";
		};
/* End PBXGroup section */

/* Begin PBXNativeTarget section */
		3E48EE3521A4A85D001A50A9 /* Playaround */ = {
			isa = PBXNativeTarget;
			buildConfigurationList = 3E48EE5321A4A860001A50A9 /* Build configuration list for PBXNativeTarget "Playaround" */;
			buildPhases = (
				3E48EE3221A4A85D001A50A9 /* Sources */,
				3E48EE3321A4A85D001A50A9 /* Frameworks */,
				3E48EE3421A4A85D001A50A9 /* Resources */,
			);
			buildRules = (
			);
			dependencies = (
			);
			name = Playaround;
			productName = Playaround;
			productReference = 3E48EE3621A4A85D001A50A9 /* Playaround.app */;
			productType = "com.apple.product-type.application";
		};
		3E48EE4921A4A860001A50A9 /* PlayaroundTests */ = {
			isa = PBXNativeTarget;
			buildConfigurationList = 3E48EE5621A4A860001A50A9 /* Build configuration list for PBXNativeTarget "PlayaroundTests" */;
			buildPhases = (
				3E48EE4621A4A860001A50A9 /* Sources */,
				3E48EE4721A4A860001A50A9 /* Frameworks */,
				3E48EE4821A4A860001A50A9 /* Resources */,
			);
			buildRules = (
			);
			dependencies = (
				3E48EE4C21A4A860001A50A9 /* PBXTargetDependency */,
			);
			name = PlayaroundTests;
			productName = PlayaroundTests;
			productReference = 3E48EE4A21A4A860001A50A9 /* PlayaroundTests.xctest */;
			productType = "com.apple.product-type.bundle.unit-test";
		};
/* End PBXNativeTarget section */

/* Begin PBXProject section */
		3E48EE2E21A4A85D001A50A9 /* Project object */ = {
			isa = PBXProject;
			attributes = {
				LastSwiftUpdateCheck = 1010;
				LastUpgradeCheck = 1010;
				ORGANIZATIONNAME = 4MFD;
				TargetAttributes = {
					3E48EE3521A4A85D001A50A9 = {
						CreatedOnToolsVersion = 10.1;
					};
					3E48EE4921A4A860001A50A9 = {
						CreatedOnToolsVersion = 10.1;
						TestTargetID = 3E48EE3521A4A85D001A50A9;
					};
				};
			};
			buildConfigurationList = 3E48EE3121A4A85D001A50A9 /* Build configuration list for PBXProject "Playaround" */;
			compatibilityVersion = "Xcode 9.3";
			developmentRegion = en;
			hasScannedForEncodings = 0;
			knownRegions = (
				en,
				Base,
			);
			mainGroup = 3E48EE2D21A4A85D001A50A9;
			productRefGroup = 3E48EE3721A4A85D001A50A9 /* Products */;
			projectDirPath = "";
			projectRoot = "";
			targets = (
				3E48EE3521A4A85D001A50A9 /* Playaround */,
				3E48EE4921A4A860001A50A9 /* PlayaroundTests */,
			);
		};
/* End PBXProject section */

/* Begin PBXResourcesBuildPhase section */
		3E48EE3421A4A85D001A50A9 /* Resources */ = {
			isa = PBXResourcesBuildPhase;
			buildActionMask = 2147483647;
			files = (
				3E48EE4421A4A85F001A50A9 /* LaunchScreen.storyboard in Resources */,
				3E48EE4121A4A85F001A50A9 /* Assets.xcassets in Resources */,
				3E48EE3F21A4A85D001A50A9 /* Main.storyboard in Resources */,
			);
			runOnlyForDeploymentPostprocessing = 0;
		};
		3E48EE4821A4A860001A50A9 /* Resources */ = {
			isa = PBXResourcesBuildPhase;
			buildActionMask = 2147483647;
			files = (
			);
			runOnlyForDeploymentPostprocessing = 0;
		};
/* End PBXResourcesBuildPhase section */

/* Begin PBXSourcesBuildPhase section */
		3E48EE3221A4A85D001A50A9 /* Sources */ = {
			isa = PBXSourcesBuildPhase;
			buildActionMask = 2147483647;
			files = (
				3E2A1F4121AA78880026565F /* Stack.swift in Sources */,
				3E2E5D3021ACF2030070AAF0 /* Algorithms.swift in Sources */,
				3E48EE3C21A4A85D001A50A9 /* ViewController.swift in Sources */,
				3EBA915C21ACF0E0002537E0 /* TextDiff.swift in Sources */,
				3E2E5D3121ACF2070070AAF0 /* LongestCommonSubstring.swift in Sources */,
				3E48EE3A21A4A85D001A50A9 /* AppDelegate.swift in Sources */,
				3E2E5D3621AD360F0070AAF0 /* primeNumbers.swift in Sources */,
				3E2A1F4521AB3C3D0026565F /* Heap.swift in Sources */,
			);
			runOnlyForDeploymentPostprocessing = 0;
		};
		3E48EE4621A4A860001A50A9 /* Sources */ = {
			isa = PBXSourcesBuildPhase;
			buildActionMask = 2147483647;
			files = (
				3E2A1F4321AA7B6B0026565F /* StackTests.swift in Sources */,
				3E2A1F4421AB3C3A0026565F /* HeapTests.swift in Sources */,
				3E2E5D3821AD39130070AAF0 /* primeNumbersTest.swift in Sources */,
				3E2A1F4721ACD3DC0026565F /* LongestCommonSubstringTests.swift in Sources */,
			);
			runOnlyForDeploymentPostprocessing = 0;
		};
/* End PBXSourcesBuildPhase section */

/* Begin PBXTargetDependency section */
		3E48EE4C21A4A860001A50A9 /* PBXTargetDependency */ = {
			isa = PBXTargetDependency;
			target = 3E48EE3521A4A85D001A50A9 /* Playaround */;
			targetProxy = 3E48EE4B21A4A860001A50A9 /* PBXContainerItemProxy */;
		};
/* End PBXTargetDependency section */

/* Begin PBXVariantGroup section */
		3E48EE3D21A4A85D001A50A9 /* Main.storyboard */ = {
			isa = PBXVariantGroup;
			children = (
				3E48EE3E21A4A85D001A50A9 /* Base */,
			);
			name = Main.storyboard;
			sourceTree = "<group>";
		};
		3E48EE4221A4A85F001A50A9 /* LaunchScreen.storyboard */ = {
			isa = PBXVariantGroup;
			children = (
				3E48EE4321A4A85F001A50A9 /* Base */,
			);
			name = LaunchScreen.storyboard;
			sourceTree = "<group>";
		};
/* End PBXVariantGroup section */

/* Begin XCBuildConfiguration section */
		3E48EE5121A4A860001A50A9 /* Debug */ = {
			isa = XCBuildConfiguration;
			buildSettings = {
				ALWAYS_SEARCH_USER_PATHS = NO;
				CLANG_ANALYZER_NONNULL = YES;
				CLANG_ANALYZER_NUMBER_OBJECT_CONVERSION = YES_AGGRESSIVE;
				CLANG_CXX_LANGUAGE_STANDARD = "gnu++14";
				CLANG_CXX_LIBRARY = "libc++";
				CLANG_ENABLE_MODULES = YES;
				CLANG_ENABLE_OBJC_ARC = YES;
				CLANG_ENABLE_OBJC_WEAK = YES;
				CLANG_WARN_BLOCK_CAPTURE_AUTORELEASING = YES;
				CLANG_WARN_BOOL_CONVERSION = YES;
				CLANG_WARN_COMMA = YES;
				CLANG_WARN_CONSTANT_CONVERSION = YES;
				CLANG_WARN_DEPRECATED_OBJC_IMPLEMENTATIONS = YES;
				CLANG_WARN_DIRECT_OBJC_ISA_USAGE = YES_ERROR;
				CLANG_WARN_DOCUMENTATION_COMMENTS = YES;
				CLANG_WARN_EMPTY_BODY = YES;
				CLANG_WARN_ENUM_CONVERSION = YES;
				CLANG_WARN_INFINITE_RECURSION = YES;
				CLANG_WARN_INT_CONVERSION = YES;
				CLANG_WARN_NON_LITERAL_NULL_CONVERSION = YES;
				CLANG_WARN_OBJC_IMPLICIT_RETAIN_SELF = YES;
				CLANG_WARN_OBJC_LITERAL_CONVERSION = YES;
				CLANG_WARN_OBJC_ROOT_CLASS = YES_ERROR;
				CLANG_WARN_RANGE_LOOP_ANALYSIS = YES;
				CLANG_WARN_STRICT_PROTOTYPES = YES;
				CLANG_WARN_SUSPICIOUS_MOVE = YES;
				CLANG_WARN_UNGUARDED_AVAILABILITY = YES_AGGRESSIVE;
				CLANG_WARN_UNREACHABLE_CODE = YES;
				CLANG_WARN__DUPLICATE_METHOD_MATCH = YES;
				CODE_SIGN_IDENTITY = "iPhone Developer";
				COPY_PHASE_STRIP = NO;
				DEBUG_INFORMATION_FORMAT = dwarf;
				ENABLE_STRICT_OBJC_MSGSEND = YES;
				ENABLE_TESTABILITY = YES;
				GCC_C_LANGUAGE_STANDARD = gnu11;
				GCC_DYNAMIC_NO_PIC = NO;
				GCC_NO_COMMON_BLOCKS = YES;
				GCC_OPTIMIZATION_LEVEL = 0;
				GCC_PREPROCESSOR_DEFINITIONS = (
					"DEBUG=1",
					"$(inherited)",
				);
				GCC_WARN_64_TO_32_BIT_CONVERSION = YES;
				GCC_WARN_ABOUT_RETURN_TYPE = YES_ERROR;
				GCC_WARN_UNDECLARED_SELECTOR = YES;
				GCC_WARN_UNINITIALIZED_AUTOS = YES_AGGRESSIVE;
				GCC_WARN_UNUSED_FUNCTION = YES;
				GCC_WARN_UNUSED_VARIABLE = YES;
				IPHONEOS_DEPLOYMENT_TARGET = 12.1;
				MTL_ENABLE_DEBUG_INFO = INCLUDE_SOURCE;
				MTL_FAST_MATH = YES;
				ONLY_ACTIVE_ARCH = YES;
				SDKROOT = iphoneos;
				SWIFT_ACTIVE_COMPILATION_CONDITIONS = DEBUG;
				SWIFT_OPTIMIZATION_LEVEL = "-Onone";
			};
			name = Debug;
		};
		3E48EE5221A4A860001A50A9 /* Release */ = {
			isa = XCBuildConfiguration;
			buildSettings = {
				ALWAYS_SEARCH_USER_PATHS = NO;
				CLANG_ANALYZER_NONNULL = YES;
				CLANG_ANALYZER_NUMBER_OBJECT_CONVERSION = YES_AGGRESSIVE;
				CLANG_CXX_LANGUAGE_STANDARD = "gnu++14";
				CLANG_CXX_LIBRARY = "libc++";
				CLANG_ENABLE_MODULES = YES;
				CLANG_ENABLE_OBJC_ARC = YES;
				CLANG_ENABLE_OBJC_WEAK = YES;
				CLANG_WARN_BLOCK_CAPTURE_AUTORELEASING = YES;
				CLANG_WARN_BOOL_CONVERSION = YES;
				CLANG_WARN_COMMA = YES;
				CLANG_WARN_CONSTANT_CONVERSION = YES;
				CLANG_WARN_DEPRECATED_OBJC_IMPLEMENTATIONS = YES;
				CLANG_WARN_DIRECT_OBJC_ISA_USAGE = YES_ERROR;
				CLANG_WARN_DOCUMENTATION_COMMENTS = YES;
				CLANG_WARN_EMPTY_BODY = YES;
				CLANG_WARN_ENUM_CONVERSION = YES;
				CLANG_WARN_INFINITE_RECURSION = YES;
				CLANG_WARN_INT_CONVERSION = YES;
				CLANG_WARN_NON_LITERAL_NULL_CONVERSION = YES;
				CLANG_WARN_OBJC_IMPLICIT_RETAIN_SELF = YES;
				CLANG_WARN_OBJC_LITERAL_CONVERSION = YES;
				CLANG_WARN_OBJC_ROOT_CLASS = YES_ERROR;
				CLANG_WARN_RANGE_LOOP_ANALYSIS = YES;
				CLANG_WARN_STRICT_PROTOTYPES = YES;
				CLANG_WARN_SUSPICIOUS_MOVE = YES;
				CLANG_WARN_UNGUARDED_AVAILABILITY = YES_AGGRESSIVE;
				CLANG_WARN_UNREACHABLE_CODE = YES;
				CLANG_WARN__DUPLICATE_METHOD_MATCH = YES;
				CODE_SIGN_IDENTITY = "iPhone Developer";
				COPY_PHASE_STRIP = NO;
				DEBUG_INFORMATION_FORMAT = "dwarf-with-dsym";
				ENABLE_NS_ASSERTIONS = NO;
				ENABLE_STRICT_OBJC_MSGSEND = YES;
				GCC_C_LANGUAGE_STANDARD = gnu11;
				GCC_NO_COMMON_BLOCKS = YES;
				GCC_WARN_64_TO_32_BIT_CONVERSION = YES;
				GCC_WARN_ABOUT_RETURN_TYPE = YES_ERROR;
				GCC_WARN_UNDECLARED_SELECTOR = YES;
				GCC_WARN_UNINITIALIZED_AUTOS = YES_AGGRESSIVE;
				GCC_WARN_UNUSED_FUNCTION = YES;
				GCC_WARN_UNUSED_VARIABLE = YES;
				IPHONEOS_DEPLOYMENT_TARGET = 12.1;
				MTL_ENABLE_DEBUG_INFO = NO;
				MTL_FAST_MATH = YES;
				SDKROOT = iphoneos;
				SWIFT_COMPILATION_MODE = wholemodule;
				SWIFT_OPTIMIZATION_LEVEL = "-O";
				VALIDATE_PRODUCT = YES;
			};
			name = Release;
		};
		3E48EE5421A4A860001A50A9 /* Debug */ = {
			isa = XCBuildConfiguration;
			buildSettings = {
				ASSETCATALOG_COMPILER_APPICON_NAME = AppIcon;
				CODE_SIGN_STYLE = Automatic;
				DEVELOPMENT_TEAM = KY9W9NLJDU;
				INFOPLIST_FILE = Playaround/Info.plist;
				LD_RUNPATH_SEARCH_PATHS = (
					"$(inherited)",
					"@executable_path/Frameworks",
				);
				PRODUCT_BUNDLE_IDENTIFIER = com.4mfd.project.practice.Playaround;
				PRODUCT_NAME = "$(TARGET_NAME)";
				SWIFT_VERSION = 4.2;
				TARGETED_DEVICE_FAMILY = "1,2";
			};
			name = Debug;
		};
		3E48EE5521A4A860001A50A9 /* Release */ = {
			isa = XCBuildConfiguration;
			buildSettings = {
				ASSETCATALOG_COMPILER_APPICON_NAME = AppIcon;
				CODE_SIGN_STYLE = Automatic;
				DEVELOPMENT_TEAM = KY9W9NLJDU;
				INFOPLIST_FILE = Playaround/Info.plist;
				LD_RUNPATH_SEARCH_PATHS = (
					"$(inherited)",
					"@executable_path/Frameworks",
				);
				PRODUCT_BUNDLE_IDENTIFIER = com.4mfd.project.practice.Playaround;
				PRODUCT_NAME = "$(TARGET_NAME)";
				SWIFT_VERSION = 4.2;
				TARGETED_DEVICE_FAMILY = "1,2";
			};
			name = Release;
		};
		3E48EE5721A4A860001A50A9 /* Debug */ = {
			isa = XCBuildConfiguration;
			buildSettings = {
				ALWAYS_EMBED_SWIFT_STANDARD_LIBRARIES = YES;
				BUNDLE_LOADER = "$(TEST_HOST)";
				CODE_SIGN_STYLE = Automatic;
				DEVELOPMENT_TEAM = KY9W9NLJDU;
				INFOPLIST_FILE = PlayaroundTests/Info.plist;
				LD_RUNPATH_SEARCH_PATHS = (
					"$(inherited)",
					"@executable_path/Frameworks",
					"@loader_path/Frameworks",
				);
				PRODUCT_BUNDLE_IDENTIFIER = com.4mfd.project.practice.PlayaroundTests;
				PRODUCT_NAME = "$(TARGET_NAME)";
				SWIFT_VERSION = 4.2;
				TARGETED_DEVICE_FAMILY = "1,2";
				TEST_HOST = "$(BUILT_PRODUCTS_DIR)/Playaround.app/Playaround";
			};
			name = Debug;
		};
		3E48EE5821A4A860001A50A9 /* Release */ = {
			isa = XCBuildConfiguration;
			buildSettings = {
				ALWAYS_EMBED_SWIFT_STANDARD_LIBRARIES = YES;
				BUNDLE_LOADER = "$(TEST_HOST)";
				CODE_SIGN_STYLE = Automatic;
				DEVELOPMENT_TEAM = KY9W9NLJDU;
				INFOPLIST_FILE = PlayaroundTests/Info.plist;
				LD_RUNPATH_SEARCH_PATHS = (
					"$(inherited)",
					"@executable_path/Frameworks",
					"@loader_path/Frameworks",
				);
				PRODUCT_BUNDLE_IDENTIFIER = com.4mfd.project.practice.PlayaroundTests;
				PRODUCT_NAME = "$(TARGET_NAME)";
				SWIFT_VERSION = 4.2;
				TARGETED_DEVICE_FAMILY = "1,2";
				TEST_HOST = "$(BUILT_PRODUCTS_DIR)/Playaround.app/Playaround";
			};
			name = Release;
		};
/* End XCBuildConfiguration section */

/* Begin XCConfigurationList section */
		3E48EE3121A4A85D001A50A9 /* Build configuration list for PBXProject "Playaround" */ = {
			isa = XCConfigurationList;
			buildConfigurations = (
				3E48EE5121A4A860001A50A9 /* Debug */,
				3E48EE5221A4A860001A50A9 /* Release */,
			);
			defaultConfigurationIsVisible = 0;
			defaultConfigurationName = Release;
		};
		3E48EE5321A4A860001A50A9 /* Build configuration list for PBXNativeTarget "Playaround" */ = {
			isa = XCConfigurationList;
			buildConfigurations = (
				3E48EE5421A4A860001A50A9 /* Debug */,
				3E48EE5521A4A860001A50A9 /* Release */,
			);
			defaultConfigurationIsVisible = 0;
			defaultConfigurationName = Release;
		};
		3E48EE5621A4A860001A50A9 /* Build configuration list for PBXNativeTarget "PlayaroundTests" */ = {
			isa = XCConfigurationList;
			buildConfigurations = (
				3E48EE5721A4A860001A50A9 /* Debug */,
				3E48EE5821A4A860001A50A9 /* Release */,
			);
			defaultConfigurationIsVisible = 0;
			defaultConfigurationName = Release;
		};
/* End XCConfigurationList section */
	};
	rootObject = 3E48EE2E21A4A85D001A50A9 /* Project object */;
}
